<?xml version="1.0" encoding="utf-8"?>
<Project ToolsVersion="4.0" xmlns="http://schemas.microsoft.com/developer/msbuild/2003">
  <ItemGroup>
    <Filter Include="Source Files">
      <UniqueIdentifier>{4FC737F1-C7A5-4376-A066-2A32D752A2FF}</UniqueIdentifier>
      <Extensions>cpp;c;cc;cxx;c++;cppm;ixx;def;odl;idl;hpj;bat;asm;asmx</Extensions>
    </Filter>
    <Filter Include="Header Files">
      <UniqueIdentifier>{93995380-89BD-4b04-88EB-625FBE52EBFB}</UniqueIdentifier>
      <Extensions>h;hh;hpp;hxx;h++;hm;inl;inc;ipp;xsd</Extensions>
    </Filter>
    <Filter Include="Resource Files">
      <UniqueIdentifier>{67DA6AB6-F800-4c08-8B7A-83BB121AAD01}</UniqueIdentifier>
      <Extensions>rc;ico;cur;bmp;dlg;rc2;rct;bin;rgs;gif;jpg;jpeg;jpe;resx;tiff;tif;png;wav;mfcribbon-ms</Extensions>
    </Filter>
  </ItemGroup>
  <ItemGroup>
    <ClCompile Include="src\AccountDatabase.cpp">
      <Filter>Source Files</Filter>
    </ClCompile>
    <ClCompile Include="src\BaseEntity.cpp">
      <Filter>Source Files</Filter>
    </ClCompile>
    <ClCompile Include="src\LoanDatabase.cpp">
      <Filter>Source Files</Filter>
    </ClCompile>
    <ClCompile Include="src\TransactionDatabase.cpp">
      <Filter>Source Files</Filter>
    </ClCompile>
    <ClCompile Include="src\UserDatabase.cpp">
      <Filter>Source Files</Filter>
    </ClCompile>
    <ClCompile Include="Src\Account.cpp">
      <Filter>Source Files</Filter>
    </ClCompile>
    <ClCompile Include="Src\AccountRepository.cpp">
      <Filter>Source Files</Filter>
    </ClCompile>
    <ClCompile Include="Src\Loan.cpp">
      <Filter>Source Files</Filter>
    </ClCompile>
    <ClCompile Include="Src\LoanRepository.cpp">
      <Filter>Source Files</Filter>
    </ClCompile>
    <ClCompile Include="Src\StringHasher.cpp">
      <Filter>Source Files</Filter>
    </ClCompile>
    <ClCompile Include="Src\Transaction.cpp">
      <Filter>Source Files</Filter>
    </ClCompile>
    <ClCompile Include="Src\TransactionRepository.cpp">
      <Filter>Source Files</Filter>
    </ClCompile>
    <ClCompile Include="Src\User.cpp">
      <Filter>Source Files</Filter>
    </ClCompile>
    <ClCompile Include="Src\UserRepository.cpp">
      <Filter>Source Files</Filter>
    </ClCompile>
    <ClCompile Include="Src\UserService.cpp">
      <Filter>Source Files</Filter>
    </ClCompile>
    <ClCompile Include="Src\UserSession.cpp">
      <Filter>Source Files</Filter>
    </ClCompile>
    <ClCompile Include="Src\Bank.cpp">
      <Filter>Source Files</Filter>
    </ClCompile>
  </ItemGroup>
  <ItemGroup>
    <ClInclude Include="header\AccountDatabase.h">
      <Filter>Header Files</Filter>
    </ClInclude>
    <ClInclude Include="header\BaseDatabase.h">
      <Filter>Header Files</Filter>
    </ClInclude>
    <ClInclude Include="header\BaseEntity.h">
      <Filter>Header Files</Filter>
    </ClInclude>
    <ClInclude Include="header\BaseEntityTemplateCheck.h">
      <Filter>Header Files</Filter>
    </ClInclude>
    <ClInclude Include="header\LoanDatabase.h">
      <Filter>Header Files</Filter>
    </ClInclude>
    <ClInclude Include="header\TransactionDatabase.h">
      <Filter>Header Files</Filter>
    </ClInclude>
    <ClInclude Include="header\UserDatabase.h">
      <Filter>Header Files</Filter>
    </ClInclude>
    <ClInclude Include="Header\Account.h">
      <Filter>Header Files</Filter>
    </ClInclude>
    <ClInclude Include="Header\AccountRepository.h">
      <Filter>Header Files</Filter>
    </ClInclude>
    <ClInclude Include="Header\AccountStatusEnum.h">
      <Filter>Header Files</Filter>
    </ClInclude>
    <ClInclude Include="Header\AccountTypeEnum.h">
      <Filter>Header Files</Filter>
    </ClInclude>
    <ClInclude Include="Header\BaseRepository.h">
      <Filter>Header Files</Filter>
    </ClInclude>
    <ClInclude Include="Header\GenderEnum.h">
      <Filter>Header Files</Filter>
    </ClInclude>
    <ClInclude Include="Header\Loan.h">
      <Filter>Header Files</Filter>
    </ClInclude>
    <ClInclude Include="Header\LoanRepository.h">
      <Filter>Header Files</Filter>
    </ClInclude>
    <ClInclude Include="Header\LoanStatusEnum.h">
      <Filter>Header Files</Filter>
    </ClInclude>
    <ClInclude Include="Header\RoleEnum.h">
      <Filter>Header Files</Filter>
    </ClInclude>
    <ClInclude Include="Header\StringHasher.h">
      <Filter>Header Files</Filter>
    </ClInclude>
    <ClInclude Include="Header\Transaction.h">
      <Filter>Header Files</Filter>
    </ClInclude>
    <ClInclude Include="Header\TransactionRepository.h">
      <Filter>Header Files</Filter>
    </ClInclude>
    <ClInclude Include="Header\User.h">
      <Filter>Header Files</Filter>
    </ClInclude>
    <ClInclude Include="Header\UserRepository.h">
      <Filter>Header Files</Filter>
    </ClInclude>
    <ClInclude Include="Header\UserService.h">
      <Filter>Header Files</Filter>
    </ClInclude>
    <ClInclude Include="Header\UserSession.h">
      <Filter>Header Files</Filter>
    </ClInclude>
  </ItemGroup>
</Project>